
Microsoft Visual Studio Solution File, Format Version 12.00
# Visual Studio Version 17
VisualStudioVersion = 17.0.31912.275
MinimumVisualStudioVersion = 10.0.40219.1
Project("{FAE04EC0-301F-11D3-BF4B-00C04F79EFBC}") = "Rehber", "Rehber\Rehber.csproj", "{CD82C80A-3F4F-4210-BBDD-0C47500C1875}"
EndProject
Global
	GlobalSection(SolutionConfigurationPlatforms) = preSolution
		Debug|Any CPU = Debug|Any CPU
		Release|Any CPU = Release|Any CPU
	EndGlobalSection
	GlobalSection(ProjectConfigurationPlatforms) = postSolution
		{CD82C80A-3F4F-4210-BBDD-0C47500C1875}.Debug|Any CPU.ActiveCfg = Debug|Any CPU
		{CD82C80A-3F4F-4210-BBDD-0C47500C1875}.Debug|Any CPU.Build.0 = Debug|Any CPU
		{CD82C80A-3F4F-4210-BBDD-0C47500C1875}.Release|Any CPU.ActiveCfg = Release|Any CPU
		{CD82C80A-3F4F-4210-BBDD-0C47500C1875}.Release|Any CPU.Build.0 = Release|Any CPU
	EndGlobalSection
	GlobalSection(SolutionProperties) = preSolution
		HideSolutionNode = FALSE
	EndGlobalSection
	GlobalSection(ExtensibilityGlobals) = postSolution
		SolutionGuid = {C45F5735-1DA5-48FF-AD82-1EC07EAB483A}
	EndGlobalSection
EndGlobal
